
Microsoft Visual Studio Solution File, Format Version 12.00
# Visual Studio Version 17
VisualStudioVersion = 17.9.34701.34
MinimumVisualStudioVersion = 10.0.40219.1
Project("{FAE04EC0-301F-11D3-BF4B-00C04F79EFBC}") = "Events", "Events\Events.csproj", "{E1900A2D-8F47-4A6D-8B0E-51C52A79D990}"
EndProject
Global
	GlobalSection(SolutionConfigurationPlatforms) = preSolution
		Debug|Any CPU = Debug|Any CPU
		Release|Any CPU = Release|Any CPU
	EndGlobalSection
	GlobalSection(ProjectConfigurationPlatforms) = postSolution
		{E1900A2D-8F47-4A6D-8B0E-51C52A79D990}.Debug|Any CPU.ActiveCfg = Debug|Any CPU
		{E1900A2D-8F47-4A6D-8B0E-51C52A79D990}.Debug|Any CPU.Build.0 = Debug|Any CPU
		{E1900A2D-8F47-4A6D-8B0E-51C52A79D990}.Release|Any CPU.ActiveCfg = Release|Any CPU
		{E1900A2D-8F47-4A6D-8B0E-51C52A79D990}.Release|Any CPU.Build.0 = Release|Any CPU
	EndGlobalSection
	GlobalSection(SolutionProperties) = preSolution
		HideSolutionNode = FALSE
	EndGlobalSection
	GlobalSection(ExtensibilityGlobals) = postSolution
		SolutionGuid = {822C90A3-EA52-4624-92E3-F1E7B212C273}
	EndGlobalSection
EndGlobal
